
Microsoft Visual Studio Solution File, Format Version 12.00
# Visual Studio 15
VisualStudioVersion = 15.0.27428.2015
MinimumVisualStudioVersion = 10.0.40219.1
Project("{9092AA53-FB77-4645-B42D-1CCCA6BD08BD}") = "HelloWorldExpressJS", "HelloWorldExpressJS\HelloWorldExpressJS.njsproj", "{50C0A0C7-67C8-4FED-9008-A73CD6943761}"
EndProject
Global
	GlobalSection(SolutionConfigurationPlatforms) = preSolution
		Debug|Any CPU = Debug|Any CPU
		Release|Any CPU = Release|Any CPU
	EndGlobalSection
	GlobalSection(ProjectConfigurationPlatforms) = postSolution
		{50C0A0C7-67C8-4FED-9008-A73CD6943761}.Debug|Any CPU.ActiveCfg = Debug|Any CPU
		{50C0A0C7-67C8-4FED-9008-A73CD6943761}.Debug|Any CPU.Build.0 = Debug|Any CPU
		{50C0A0C7-67C8-4FED-9008-A73CD6943761}.Release|Any CPU.ActiveCfg = Release|Any CPU
		{50C0A0C7-67C8-4FED-9008-A73CD6943761}.Release|Any CPU.Build.0 = Release|Any CPU
	EndGlobalSection
	GlobalSection(SolutionProperties) = preSolution
		HideSolutionNode = FALSE
	EndGlobalSection
	GlobalSection(ExtensibilityGlobals) = postSolution
		SolutionGuid = {FC62343D-32C6-419B-BB94-3CB01FFD6918}
	EndGlobalSection
EndGlobal
